
Microsoft Visual Studio Solution File, Format Version 12.00
# Visual Studio Version 16
VisualStudioVersion = 16.0.29613.14
MinimumVisualStudioVersion = 10.0.40219.1
Project("{FAE04EC0-301F-11D3-BF4B-00C04F79EFBC}") = "MCDMSolver", "MCDMSolver\MCDMSolver.csproj", "{8E69ED40-AD4F-48C4-BB17-8F2AACAA4432}"
EndProject
Project("{FAE04EC0-301F-11D3-BF4B-00C04F79EFBC}") = "MCDMPLD_SAW", "MCDMPLD_SAW\MCDMPLD_SAW.csproj", "{B14FAE29-7574-4455-80CF-AA2BD72840EB}"
EndProject
Project("{FAE04EC0-301F-11D3-BF4B-00C04F79EFBC}") = "MCDMPLD_Topsis", "MCDMPLD_Topsis\MCDMPLD_Topsis.csproj", "{2BF02C82-DF84-4511-AB65-C5BDD4A586B4}"
EndProject
Project("{FAE04EC0-301F-11D3-BF4B-00C04F79EFBC}") = "MCDMPLD_VikorOghlidosi", "MCDMPLD_VikorOghlidosi\MCDMPLD_VikorOghlidosi.csproj", "{8226757B-138E-4F7D-95F7-61369DAB1813}"
EndProject
Global
	GlobalSection(SolutionConfigurationPlatforms) = preSolution
		Debug|Any CPU = Debug|Any CPU
		Release|Any CPU = Release|Any CPU
	EndGlobalSection
	GlobalSection(ProjectConfigurationPlatforms) = postSolution
		{8E69ED40-AD4F-48C4-BB17-8F2AACAA4432}.Debug|Any CPU.ActiveCfg = Debug|Any CPU
		{8E69ED40-AD4F-48C4-BB17-8F2AACAA4432}.Debug|Any CPU.Build.0 = Debug|Any CPU
		{8E69ED40-AD4F-48C4-BB17-8F2AACAA4432}.Release|Any CPU.ActiveCfg = Release|Any CPU
		{8E69ED40-AD4F-48C4-BB17-8F2AACAA4432}.Release|Any CPU.Build.0 = Release|Any CPU
		{B14FAE29-7574-4455-80CF-AA2BD72840EB}.Debug|Any CPU.ActiveCfg = Debug|Any CPU
		{B14FAE29-7574-4455-80CF-AA2BD72840EB}.Debug|Any CPU.Build.0 = Debug|Any CPU
		{B14FAE29-7574-4455-80CF-AA2BD72840EB}.Release|Any CPU.ActiveCfg = Release|Any CPU
		{B14FAE29-7574-4455-80CF-AA2BD72840EB}.Release|Any CPU.Build.0 = Release|Any CPU
		{2BF02C82-DF84-4511-AB65-C5BDD4A586B4}.Debug|Any CPU.ActiveCfg = Debug|Any CPU
		{2BF02C82-DF84-4511-AB65-C5BDD4A586B4}.Debug|Any CPU.Build.0 = Debug|Any CPU
		{2BF02C82-DF84-4511-AB65-C5BDD4A586B4}.Release|Any CPU.ActiveCfg = Release|Any CPU
		{2BF02C82-DF84-4511-AB65-C5BDD4A586B4}.Release|Any CPU.Build.0 = Release|Any CPU
		{8226757B-138E-4F7D-95F7-61369DAB1813}.Debug|Any CPU.ActiveCfg = Debug|Any CPU
		{8226757B-138E-4F7D-95F7-61369DAB1813}.Debug|Any CPU.Build.0 = Debug|Any CPU
		{8226757B-138E-4F7D-95F7-61369DAB1813}.Release|Any CPU.ActiveCfg = Release|Any CPU
		{8226757B-138E-4F7D-95F7-61369DAB1813}.Release|Any CPU.Build.0 = Release|Any CPU
	EndGlobalSection
	GlobalSection(SolutionProperties) = preSolution
		HideSolutionNode = FALSE
	EndGlobalSection
	GlobalSection(ExtensibilityGlobals) = postSolution
		SolutionGuid = {660E28D6-8159-406E-88D2-7E9045C8A6C2}
	EndGlobalSection
EndGlobal
